{
  "version": 4,
  "terraform_version": "1.2.2",
  "serial": 5,
  "lineage": "3595e249-90d0-bf60-be46-14d05203b4fc",
  "outputs": {},
  "resources": [
    {
      "module": "module.principal_association",
      "mode": "data",
      "type": "aws_organizations_organization",
      "name": "organization",
      "provider": "provider[\"registry.terraform.io/hashicorp/aws\"]",
      "instances": [
        {
          "schema_version": 0,
          "attributes": {
            "accounts": null,
            "arn": "arn:aws:organizations::314179750241:organization/o-u1ig9t1h9b",
            "aws_service_access_principals": [],
            "enabled_policy_types": [],
            "feature_set": "ALL",
            "id": "o-u1ig9t1h9b",
            "master_account_arn": "arn:aws:organizations::314179750241:account/o-u1ig9t1h9b/314179750241",
            "master_account_email": "salim.shaikh9967+aws@gmail.com",
            "master_account_id": "314179750241",
            "non_master_accounts": null,
            "roots": null
          },
          "sensitive_attributes": []
        }
      ]
    },
    {
      "module": "module.principal_association",
      "mode": "managed",
      "type": "aws_ram_principal_association",
      "name": "association",
      "provider": "provider[\"registry.terraform.io/hashicorp/aws\"]",
      "instances": [
        {
          "schema_version": 0,
          "attributes": {
            "id": "arn:aws:ram:eu-central-1:704144852572:resource-share/0dc2bc4b-d466-4090-b768-201232bb8a7f,arn:aws:organizations::314179750241:organization/o-u1ig9t1h9b",
            "principal": "arn:aws:organizations::314179750241:organization/o-u1ig9t1h9b",
            "resource_share_arn": "arn:aws:ram:eu-central-1:704144852572:resource-share/0dc2bc4b-d466-4090-b768-201232bb8a7f"
          },
          "sensitive_attributes": [],
          "private": "bnVsbA==",
          "dependencies": [
            "module.principal_association.data.aws_organizations_organization.organization",
            "module.ram_share.aws_ram_resource_share.ram_sharing"
          ]
        }
      ]
    },
    {
      "module": "module.ram_share",
      "mode": "managed",
      "type": "aws_ram_resource_share",
      "name": "ram_sharing",
      "provider": "provider[\"registry.terraform.io/hashicorp/aws\"]",
      "instances": [
        {
          "schema_version": 0,
          "attributes": {
            "allow_external_principals": false,
            "arn": "arn:aws:ram:eu-central-1:704144852572:resource-share/0dc2bc4b-d466-4090-b768-201232bb8a7f",
            "id": "arn:aws:ram:eu-central-1:704144852572:resource-share/0dc2bc4b-d466-4090-b768-201232bb8a7f",
            "name": "test_ram",
            "permission_arns": [],
            "tags": {
              "Environment": "test"
            },
            "tags_all": {
              "Environment": "test"
            },
            "timeouts": null
          },
          "sensitive_attributes": [],
          "private": "eyJlMmJmYjczMC1lY2FhLTExZTYtOGY4OC0zNDM2M2JjN2M0YzAiOnsiY3JlYXRlIjozMDAwMDAwMDAwMDAsImRlbGV0ZSI6MzAwMDAwMDAwMDAwfX0="
        }
      ]
    },
    {
      "module": "module.subent_ram_association[0]",
      "mode": "managed",
      "type": "aws_ram_resource_association",
      "name": "subnets",
      "provider": "provider[\"registry.terraform.io/hashicorp/aws\"]",
      "instances": [
        {
          "status": "tainted",
          "schema_version": 0,
          "attributes": {
            "id": "arn:aws:ram:eu-central-1:704144852572:resource-share/0dc2bc4b-d466-4090-b768-201232bb8a7f,arn:aws:ec2:eu-central-1:704144852572:subnet/subnet-05ab582afe4c4c216",
            "resource_arn": "arn:aws:ec2:eu-central-1:704144852572:subnet/subnet-05ab582afe4c4c216",
            "resource_share_arn": "arn:aws:ram:eu-central-1:704144852572:resource-share/0dc2bc4b-d466-4090-b768-201232bb8a7f"
          },
          "sensitive_attributes": [],
          "private": "bnVsbA==",
          "dependencies": [
            "module.ram_share.aws_ram_resource_share.ram_sharing"
          ]
        }
      ]
    },
    {
      "module": "module.subent_ram_association[1]",
      "mode": "managed",
      "type": "aws_ram_resource_association",
      "name": "subnets",
      "provider": "provider[\"registry.terraform.io/hashicorp/aws\"]",
      "instances": [
        {
          "status": "tainted",
          "schema_version": 0,
          "attributes": {
            "id": "arn:aws:ram:eu-central-1:704144852572:resource-share/0dc2bc4b-d466-4090-b768-201232bb8a7f,arn:aws:ec2:eu-central-1:704144852572:subnet/subnet-0a9f3ab4558bbeb6b",
            "resource_arn": "arn:aws:ec2:eu-central-1:704144852572:subnet/subnet-0a9f3ab4558bbeb6b",
            "resource_share_arn": "arn:aws:ram:eu-central-1:704144852572:resource-share/0dc2bc4b-d466-4090-b768-201232bb8a7f"
          },
          "sensitive_attributes": [],
          "private": "bnVsbA==",
          "dependencies": [
            "module.ram_share.aws_ram_resource_share.ram_sharing"
          ]
        }
      ]
    }
  ]
}
